
Microsoft Visual Studio Solution File, Format Version 12.00
# Visual Studio Version 17
VisualStudioVersion = 17.9.34616.47
MinimumVisualStudioVersion = 10.0.40219.1
Project("{9A19103F-16F7-4668-BE54-9A1E7A4F7556}") = "AuthenticationService", "AuthenticationService\AuthenticationService.csproj", "{8FF9EA77-BFC0-4D92-BE7C-5C25E2FCA1B7}"
EndProject
Project("{9A19103F-16F7-4668-BE54-9A1E7A4F7556}") = "CommentService", "CommentService\CommentService.csproj", "{1895A4B3-4937-403C-ADB0-40DB11236E15}"
EndProject
Project("{9A19103F-16F7-4668-BE54-9A1E7A4F7556}") = "ConsoleAppUI", "ConsoleAppUI\ConsoleAppUI.csproj", "{F91FDE5E-D67E-4669-B2E9-E6C24C6D91B6}"
EndProject
Project("{9A19103F-16F7-4668-BE54-9A1E7A4F7556}") = "Domain", "Domain\Domain.csproj", "{09E272AB-4B8C-4C00-BFD8-806ECED1B9FF}"
EndProject
Project("{9A19103F-16F7-4668-BE54-9A1E7A4F7556}") = "PostsService", "PostsService\PostsService.csproj", "{08C38219-C349-418D-9A69-F6E50F30EE57}"
EndProject
Project("{9A19103F-16F7-4668-BE54-9A1E7A4F7556}") = "UserService", "UserService\UserService.csproj", "{655D5B80-9044-46F3-8518-46C8ECD7728A}"
EndProject
Project("{2150E333-8FDC-42A3-9474-1A3956D46DE8}") = "Comments", "Comments", "{B436C064-A1B9-4368-99C5-43869A8077C5}"
EndProject
Project("{9A19103F-16F7-4668-BE54-9A1E7A4F7556}") = "CommentApplication", "CommentApplication\CommentApplication.csproj", "{4279DA35-85B9-4102-BF1C-7955B21D1AAD}"
EndProject
Project("{9A19103F-16F7-4668-BE54-9A1E7A4F7556}") = "CommentInfrastructure", "CommentInfrastructure\CommentInfrastructure.csproj", "{32467EE2-289B-484F-B76E-43DED8F4137D}"
EndProject
Project("{2150E333-8FDC-42A3-9474-1A3956D46DE8}") = "Solution Items", "Solution Items", "{C0A837CE-A4B4-4A5A-9D5F-CF406E2FEC95}"
	ProjectSection(SolutionItems) = preProject
		docker-compose.yml = docker-compose.yml
	EndProjectSection
EndProject
Project("{2150E333-8FDC-42A3-9474-1A3956D46DE8}") = "Users", "Users", "{8B61A358-217D-42B1-9554-3BF661D10135}"
EndProject
Project("{9A19103F-16F7-4668-BE54-9A1E7A4F7556}") = "UserApplication", "UserApplication\UserApplication.csproj", "{7B8114B0-8836-4DE5-B299-E0CFEF18D6B7}"
EndProject
Project("{9A19103F-16F7-4668-BE54-9A1E7A4F7556}") = "UserInfrastructure", "UserInfrastructure\UserInfrastructure.csproj", "{BC039208-102F-4BFF-A160-B84F9C5F0D47}"
EndProject
Project("{2150E333-8FDC-42A3-9474-1A3956D46DE8}") = "Post", "Post", "{B8576E22-78E1-4272-8B46-78B567356628}"
EndProject
Project("{9A19103F-16F7-4668-BE54-9A1E7A4F7556}") = "PostApplication", "PostApplication\PostApplication.csproj", "{05087D4D-B3E0-4295-B33B-291405832FED}"
EndProject
Project("{9A19103F-16F7-4668-BE54-9A1E7A4F7556}") = "PostInfrastructure", "PostInfrastructure\PostInfrastructure.csproj", "{F760FF4C-E940-425F-BD78-A160404940FA}"
EndProject
Project("{2150E333-8FDC-42A3-9474-1A3956D46DE8}") = "DirectMessage", "DirectMessage", "{CAF21652-D3AE-45CF-8C51-48C62D24448D}"
EndProject
Project("{2150E333-8FDC-42A3-9474-1A3956D46DE8}") = "Health", "Health", "{542E8757-20BA-4E5B-AC9B-991B404B14FE}"
EndProject
Project("{9A19103F-16F7-4668-BE54-9A1E7A4F7556}") = "HealthAPI", "HealthAPI\HealthAPI.csproj", "{A4CF13B5-77A6-4017-B088-E3ADA064A53B}"
EndProject
Project("{9A19103F-16F7-4668-BE54-9A1E7A4F7556}") = "HealthApplication", "HealthApplication\HealthApplication.csproj", "{537C30AE-9B19-4184-9224-E5C178C85C0C}"
EndProject
Project("{9A19103F-16F7-4668-BE54-9A1E7A4F7556}") = "HealthRepository", "HealthRepository\HealthRepository.csproj", "{FFFFA111-D341-420C-BD2A-57347CFD29F5}"
EndProject
Project("{9A19103F-16F7-4668-BE54-9A1E7A4F7556}") = "HealthWeb", "HealthWeb\HealthWeb.csproj", "{41C39FB9-598C-4555-BE08-433E62A0256F}"
EndProject
Project("{9A19103F-16F7-4668-BE54-9A1E7A4F7556}") = "HealthMiddelWare", "HealthMiddelWare\HealthMiddelWare.csproj", "{A0D4FCBD-538D-4FFC-960F-2C0736D82037}"
EndProject
Project("{9A19103F-16F7-4668-BE54-9A1E7A4F7556}") = "DirectMessageAPI", "DirectMessage\DMService\DirectMessageAPI.csproj", "{23ED925D-D22F-4BEF-B2CE-BF52B887EBF9}"
EndProject
Project("{2150E333-8FDC-42A3-9474-1A3956D46DE8}") = "Like", "Like", "{FAB6D577-F8F1-4B87-8014-58066F9E38AD}"
EndProject
Project("{9A19103F-16F7-4668-BE54-9A1E7A4F7556}") = "LikeAPI", "Like\LikeAPI\LikeAPI.csproj", "{C2C94A66-314E-4543-B787-173588DD7DA1}"
EndProject
Project("{9A19103F-16F7-4668-BE54-9A1E7A4F7556}") = "LikeApplication", "Like\Application\LikeApplication.csproj", "{AB8E0A5E-27F1-4D2A-B16D-DE97BCCAAB69}"
EndProject
Project("{9A19103F-16F7-4668-BE54-9A1E7A4F7556}") = "LikeInfrastructure", "Like\Infrastructure\LikeInfrastructure.csproj", "{5D94F74F-9C9F-437F-B315-38C95B2ABDF1}"
EndProject
Project("{2150E333-8FDC-42A3-9474-1A3956D46DE8}") = "Timeline", "Timeline", "{13D2A4EB-E180-4C44-9B31-37B99A1819E1}"
EndProject
Project("{9A19103F-16F7-4668-BE54-9A1E7A4F7556}") = "TimelineApplication", "TimelineApplication\TimelineApplication.csproj", "{107DB2F3-4B75-4687-9BFD-C47A8F4C3848}"
EndProject
Project("{9A19103F-16F7-4668-BE54-9A1E7A4F7556}") = "TimelineInfrastructure", "TimelineInfrastructure\TimelineInfrastructure.csproj", "{28301971-F9C7-46A0-BCE8-D167676447E6}"
EndProject
Project("{9A19103F-16F7-4668-BE54-9A1E7A4F7556}") = "TimelineService", "TimelineService\TimelineService.csproj", "{2DDB976D-18D7-4A9A-83F8-8D4C5F47F6F7}"
EndProject
Project("{9A19103F-16F7-4668-BE54-9A1E7A4F7556}") = "DMApplication", "DirectMessage\DirectMessageApplication\DMApplication.csproj", "{C189D13A-1A71-4F89-B8D4-D060214C4E17}"
EndProject
Project("{9A19103F-16F7-4668-BE54-9A1E7A4F7556}") = "DMInfrastructure", "DirectMessage\DirectMessageInfrastructure\DMInfrastructure.csproj", "{F5095BBD-1827-4C89-A034-E1BB91D4B4F6}"
EndProject
Global
	GlobalSection(SolutionConfigurationPlatforms) = preSolution
		Debug|Any CPU = Debug|Any CPU
		Release|Any CPU = Release|Any CPU
	EndGlobalSection
	GlobalSection(ProjectConfigurationPlatforms) = postSolution
		{8FF9EA77-BFC0-4D92-BE7C-5C25E2FCA1B7}.Debug|Any CPU.ActiveCfg = Debug|Any CPU
		{8FF9EA77-BFC0-4D92-BE7C-5C25E2FCA1B7}.Debug|Any CPU.Build.0 = Debug|Any CPU
		{8FF9EA77-BFC0-4D92-BE7C-5C25E2FCA1B7}.Release|Any CPU.ActiveCfg = Release|Any CPU
		{8FF9EA77-BFC0-4D92-BE7C-5C25E2FCA1B7}.Release|Any CPU.Build.0 = Release|Any CPU
		{1895A4B3-4937-403C-ADB0-40DB11236E15}.Debug|Any CPU.ActiveCfg = Debug|Any CPU
		{1895A4B3-4937-403C-ADB0-40DB11236E15}.Debug|Any CPU.Build.0 = Debug|Any CPU
		{1895A4B3-4937-403C-ADB0-40DB11236E15}.Release|Any CPU.ActiveCfg = Release|Any CPU
		{1895A4B3-4937-403C-ADB0-40DB11236E15}.Release|Any CPU.Build.0 = Release|Any CPU
		{F91FDE5E-D67E-4669-B2E9-E6C24C6D91B6}.Debug|Any CPU.ActiveCfg = Debug|Any CPU
		{F91FDE5E-D67E-4669-B2E9-E6C24C6D91B6}.Debug|Any CPU.Build.0 = Debug|Any CPU
		{F91FDE5E-D67E-4669-B2E9-E6C24C6D91B6}.Release|Any CPU.ActiveCfg = Release|Any CPU
		{F91FDE5E-D67E-4669-B2E9-E6C24C6D91B6}.Release|Any CPU.Build.0 = Release|Any CPU
		{09E272AB-4B8C-4C00-BFD8-806ECED1B9FF}.Debug|Any CPU.ActiveCfg = Debug|Any CPU
		{09E272AB-4B8C-4C00-BFD8-806ECED1B9FF}.Debug|Any CPU.Build.0 = Debug|Any CPU
		{09E272AB-4B8C-4C00-BFD8-806ECED1B9FF}.Release|Any CPU.ActiveCfg = Release|Any CPU
		{09E272AB-4B8C-4C00-BFD8-806ECED1B9FF}.Release|Any CPU.Build.0 = Release|Any CPU
		{08C38219-C349-418D-9A69-F6E50F30EE57}.Debug|Any CPU.ActiveCfg = Debug|Any CPU
		{08C38219-C349-418D-9A69-F6E50F30EE57}.Debug|Any CPU.Build.0 = Debug|Any CPU
		{08C38219-C349-418D-9A69-F6E50F30EE57}.Release|Any CPU.ActiveCfg = Release|Any CPU
		{08C38219-C349-418D-9A69-F6E50F30EE57}.Release|Any CPU.Build.0 = Release|Any CPU
		{655D5B80-9044-46F3-8518-46C8ECD7728A}.Debug|Any CPU.ActiveCfg = Debug|Any CPU
		{655D5B80-9044-46F3-8518-46C8ECD7728A}.Debug|Any CPU.Build.0 = Debug|Any CPU
		{655D5B80-9044-46F3-8518-46C8ECD7728A}.Release|Any CPU.ActiveCfg = Release|Any CPU
		{655D5B80-9044-46F3-8518-46C8ECD7728A}.Release|Any CPU.Build.0 = Release|Any CPU
		{4279DA35-85B9-4102-BF1C-7955B21D1AAD}.Debug|Any CPU.ActiveCfg = Debug|Any CPU
		{4279DA35-85B9-4102-BF1C-7955B21D1AAD}.Debug|Any CPU.Build.0 = Debug|Any CPU
		{4279DA35-85B9-4102-BF1C-7955B21D1AAD}.Release|Any CPU.ActiveCfg = Release|Any CPU
		{4279DA35-85B9-4102-BF1C-7955B21D1AAD}.Release|Any CPU.Build.0 = Release|Any CPU
		{32467EE2-289B-484F-B76E-43DED8F4137D}.Debug|Any CPU.ActiveCfg = Debug|Any CPU
		{32467EE2-289B-484F-B76E-43DED8F4137D}.Debug|Any CPU.Build.0 = Debug|Any CPU
		{32467EE2-289B-484F-B76E-43DED8F4137D}.Release|Any CPU.ActiveCfg = Release|Any CPU
		{32467EE2-289B-484F-B76E-43DED8F4137D}.Release|Any CPU.Build.0 = Release|Any CPU
		{7B8114B0-8836-4DE5-B299-E0CFEF18D6B7}.Debug|Any CPU.ActiveCfg = Debug|Any CPU
		{7B8114B0-8836-4DE5-B299-E0CFEF18D6B7}.Debug|Any CPU.Build.0 = Debug|Any CPU
		{7B8114B0-8836-4DE5-B299-E0CFEF18D6B7}.Release|Any CPU.ActiveCfg = Release|Any CPU
		{7B8114B0-8836-4DE5-B299-E0CFEF18D6B7}.Release|Any CPU.Build.0 = Release|Any CPU
		{BC039208-102F-4BFF-A160-B84F9C5F0D47}.Debug|Any CPU.ActiveCfg = Debug|Any CPU
		{BC039208-102F-4BFF-A160-B84F9C5F0D47}.Debug|Any CPU.Build.0 = Debug|Any CPU
		{BC039208-102F-4BFF-A160-B84F9C5F0D47}.Release|Any CPU.ActiveCfg = Release|Any CPU
		{BC039208-102F-4BFF-A160-B84F9C5F0D47}.Release|Any CPU.Build.0 = Release|Any CPU
		{05087D4D-B3E0-4295-B33B-291405832FED}.Debug|Any CPU.ActiveCfg = Debug|Any CPU
		{05087D4D-B3E0-4295-B33B-291405832FED}.Debug|Any CPU.Build.0 = Debug|Any CPU
		{05087D4D-B3E0-4295-B33B-291405832FED}.Release|Any CPU.ActiveCfg = Release|Any CPU
		{05087D4D-B3E0-4295-B33B-291405832FED}.Release|Any CPU.Build.0 = Release|Any CPU
		{F760FF4C-E940-425F-BD78-A160404940FA}.Debug|Any CPU.ActiveCfg = Debug|Any CPU
		{F760FF4C-E940-425F-BD78-A160404940FA}.Debug|Any CPU.Build.0 = Debug|Any CPU
		{F760FF4C-E940-425F-BD78-A160404940FA}.Release|Any CPU.ActiveCfg = Release|Any CPU
		{F760FF4C-E940-425F-BD78-A160404940FA}.Release|Any CPU.Build.0 = Release|Any CPU
		{A4CF13B5-77A6-4017-B088-E3ADA064A53B}.Debug|Any CPU.ActiveCfg = Debug|Any CPU
		{A4CF13B5-77A6-4017-B088-E3ADA064A53B}.Debug|Any CPU.Build.0 = Debug|Any CPU
		{A4CF13B5-77A6-4017-B088-E3ADA064A53B}.Release|Any CPU.ActiveCfg = Release|Any CPU
		{A4CF13B5-77A6-4017-B088-E3ADA064A53B}.Release|Any CPU.Build.0 = Release|Any CPU
		{537C30AE-9B19-4184-9224-E5C178C85C0C}.Debug|Any CPU.ActiveCfg = Debug|Any CPU
		{537C30AE-9B19-4184-9224-E5C178C85C0C}.Debug|Any CPU.Build.0 = Debug|Any CPU
		{537C30AE-9B19-4184-9224-E5C178C85C0C}.Release|Any CPU.ActiveCfg = Release|Any CPU
		{537C30AE-9B19-4184-9224-E5C178C85C0C}.Release|Any CPU.Build.0 = Release|Any CPU
		{FFFFA111-D341-420C-BD2A-57347CFD29F5}.Debug|Any CPU.ActiveCfg = Debug|Any CPU
		{FFFFA111-D341-420C-BD2A-57347CFD29F5}.Debug|Any CPU.Build.0 = Debug|Any CPU
		{FFFFA111-D341-420C-BD2A-57347CFD29F5}.Release|Any CPU.ActiveCfg = Release|Any CPU
		{FFFFA111-D341-420C-BD2A-57347CFD29F5}.Release|Any CPU.Build.0 = Release|Any CPU
		{41C39FB9-598C-4555-BE08-433E62A0256F}.Debug|Any CPU.ActiveCfg = Debug|Any CPU
		{41C39FB9-598C-4555-BE08-433E62A0256F}.Debug|Any CPU.Build.0 = Debug|Any CPU
		{41C39FB9-598C-4555-BE08-433E62A0256F}.Release|Any CPU.ActiveCfg = Release|Any CPU
		{41C39FB9-598C-4555-BE08-433E62A0256F}.Release|Any CPU.Build.0 = Release|Any CPU
		{A0D4FCBD-538D-4FFC-960F-2C0736D82037}.Debug|Any CPU.ActiveCfg = Debug|Any CPU
		{A0D4FCBD-538D-4FFC-960F-2C0736D82037}.Debug|Any CPU.Build.0 = Debug|Any CPU
		{A0D4FCBD-538D-4FFC-960F-2C0736D82037}.Release|Any CPU.ActiveCfg = Release|Any CPU
		{A0D4FCBD-538D-4FFC-960F-2C0736D82037}.Release|Any CPU.Build.0 = Release|Any CPU
		{23ED925D-D22F-4BEF-B2CE-BF52B887EBF9}.Debug|Any CPU.ActiveCfg = Debug|Any CPU
		{23ED925D-D22F-4BEF-B2CE-BF52B887EBF9}.Debug|Any CPU.Build.0 = Debug|Any CPU
		{23ED925D-D22F-4BEF-B2CE-BF52B887EBF9}.Release|Any CPU.ActiveCfg = Release|Any CPU
		{23ED925D-D22F-4BEF-B2CE-BF52B887EBF9}.Release|Any CPU.Build.0 = Release|Any CPU
		{C2C94A66-314E-4543-B787-173588DD7DA1}.Debug|Any CPU.ActiveCfg = Debug|Any CPU
		{C2C94A66-314E-4543-B787-173588DD7DA1}.Debug|Any CPU.Build.0 = Debug|Any CPU
		{C2C94A66-314E-4543-B787-173588DD7DA1}.Release|Any CPU.ActiveCfg = Release|Any CPU
		{C2C94A66-314E-4543-B787-173588DD7DA1}.Release|Any CPU.Build.0 = Release|Any CPU
		{AB8E0A5E-27F1-4D2A-B16D-DE97BCCAAB69}.Debug|Any CPU.ActiveCfg = Debug|Any CPU
		{AB8E0A5E-27F1-4D2A-B16D-DE97BCCAAB69}.Debug|Any CPU.Build.0 = Debug|Any CPU
		{AB8E0A5E-27F1-4D2A-B16D-DE97BCCAAB69}.Release|Any CPU.ActiveCfg = Release|Any CPU
		{AB8E0A5E-27F1-4D2A-B16D-DE97BCCAAB69}.Release|Any CPU.Build.0 = Release|Any CPU
		{5D94F74F-9C9F-437F-B315-38C95B2ABDF1}.Debug|Any CPU.ActiveCfg = Debug|Any CPU
		{5D94F74F-9C9F-437F-B315-38C95B2ABDF1}.Debug|Any CPU.Build.0 = Debug|Any CPU
		{5D94F74F-9C9F-437F-B315-38C95B2ABDF1}.Release|Any CPU.ActiveCfg = Release|Any CPU
		{5D94F74F-9C9F-437F-B315-38C95B2ABDF1}.Release|Any CPU.Build.0 = Release|Any CPU
		{107DB2F3-4B75-4687-9BFD-C47A8F4C3848}.Debug|Any CPU.ActiveCfg = Debug|Any CPU
		{107DB2F3-4B75-4687-9BFD-C47A8F4C3848}.Debug|Any CPU.Build.0 = Debug|Any CPU
		{107DB2F3-4B75-4687-9BFD-C47A8F4C3848}.Release|Any CPU.ActiveCfg = Release|Any CPU
		{107DB2F3-4B75-4687-9BFD-C47A8F4C3848}.Release|Any CPU.Build.0 = Release|Any CPU
		{28301971-F9C7-46A0-BCE8-D167676447E6}.Debug|Any CPU.ActiveCfg = Debug|Any CPU
		{28301971-F9C7-46A0-BCE8-D167676447E6}.Debug|Any CPU.Build.0 = Debug|Any CPU
		{28301971-F9C7-46A0-BCE8-D167676447E6}.Release|Any CPU.ActiveCfg = Release|Any CPU
		{28301971-F9C7-46A0-BCE8-D167676447E6}.Release|Any CPU.Build.0 = Release|Any CPU
		{2DDB976D-18D7-4A9A-83F8-8D4C5F47F6F7}.Debug|Any CPU.ActiveCfg = Debug|Any CPU
		{2DDB976D-18D7-4A9A-83F8-8D4C5F47F6F7}.Debug|Any CPU.Build.0 = Debug|Any CPU
		{2DDB976D-18D7-4A9A-83F8-8D4C5F47F6F7}.Release|Any CPU.ActiveCfg = Release|Any CPU
		{2DDB976D-18D7-4A9A-83F8-8D4C5F47F6F7}.Release|Any CPU.Build.0 = Release|Any CPU
		{C189D13A-1A71-4F89-B8D4-D060214C4E17}.Debug|Any CPU.ActiveCfg = Debug|Any CPU
		{C189D13A-1A71-4F89-B8D4-D060214C4E17}.Debug|Any CPU.Build.0 = Debug|Any CPU
		{C189D13A-1A71-4F89-B8D4-D060214C4E17}.Release|Any CPU.ActiveCfg = Release|Any CPU
		{C189D13A-1A71-4F89-B8D4-D060214C4E17}.Release|Any CPU.Build.0 = Release|Any CPU
		{F5095BBD-1827-4C89-A034-E1BB91D4B4F6}.Debug|Any CPU.ActiveCfg = Debug|Any CPU
		{F5095BBD-1827-4C89-A034-E1BB91D4B4F6}.Debug|Any CPU.Build.0 = Debug|Any CPU
		{F5095BBD-1827-4C89-A034-E1BB91D4B4F6}.Release|Any CPU.ActiveCfg = Release|Any CPU
		{F5095BBD-1827-4C89-A034-E1BB91D4B4F6}.Release|Any CPU.Build.0 = Release|Any CPU
	EndGlobalSection
	GlobalSection(SolutionProperties) = preSolution
		HideSolutionNode = FALSE
	EndGlobalSection
	GlobalSection(NestedProjects) = preSolution
		{1895A4B3-4937-403C-ADB0-40DB11236E15} = {B436C064-A1B9-4368-99C5-43869A8077C5}
		{08C38219-C349-418D-9A69-F6E50F30EE57} = {B8576E22-78E1-4272-8B46-78B567356628}
		{655D5B80-9044-46F3-8518-46C8ECD7728A} = {8B61A358-217D-42B1-9554-3BF661D10135}
		{4279DA35-85B9-4102-BF1C-7955B21D1AAD} = {B436C064-A1B9-4368-99C5-43869A8077C5}
		{32467EE2-289B-484F-B76E-43DED8F4137D} = {B436C064-A1B9-4368-99C5-43869A8077C5}
		{7B8114B0-8836-4DE5-B299-E0CFEF18D6B7} = {8B61A358-217D-42B1-9554-3BF661D10135}
		{BC039208-102F-4BFF-A160-B84F9C5F0D47} = {8B61A358-217D-42B1-9554-3BF661D10135}
		{05087D4D-B3E0-4295-B33B-291405832FED} = {B8576E22-78E1-4272-8B46-78B567356628}
		{F760FF4C-E940-425F-BD78-A160404940FA} = {B8576E22-78E1-4272-8B46-78B567356628}
		{A4CF13B5-77A6-4017-B088-E3ADA064A53B} = {542E8757-20BA-4E5B-AC9B-991B404B14FE}
		{537C30AE-9B19-4184-9224-E5C178C85C0C} = {542E8757-20BA-4E5B-AC9B-991B404B14FE}
		{FFFFA111-D341-420C-BD2A-57347CFD29F5} = {542E8757-20BA-4E5B-AC9B-991B404B14FE}
		{41C39FB9-598C-4555-BE08-433E62A0256F} = {542E8757-20BA-4E5B-AC9B-991B404B14FE}
		{A0D4FCBD-538D-4FFC-960F-2C0736D82037} = {542E8757-20BA-4E5B-AC9B-991B404B14FE}
		{23ED925D-D22F-4BEF-B2CE-BF52B887EBF9} = {CAF21652-D3AE-45CF-8C51-48C62D24448D}
		{C2C94A66-314E-4543-B787-173588DD7DA1} = {FAB6D577-F8F1-4B87-8014-58066F9E38AD}
		{AB8E0A5E-27F1-4D2A-B16D-DE97BCCAAB69} = {FAB6D577-F8F1-4B87-8014-58066F9E38AD}
		{5D94F74F-9C9F-437F-B315-38C95B2ABDF1} = {FAB6D577-F8F1-4B87-8014-58066F9E38AD}
		{107DB2F3-4B75-4687-9BFD-C47A8F4C3848} = {13D2A4EB-E180-4C44-9B31-37B99A1819E1}
		{28301971-F9C7-46A0-BCE8-D167676447E6} = {13D2A4EB-E180-4C44-9B31-37B99A1819E1}
		{2DDB976D-18D7-4A9A-83F8-8D4C5F47F6F7} = {13D2A4EB-E180-4C44-9B31-37B99A1819E1}
		{C189D13A-1A71-4F89-B8D4-D060214C4E17} = {CAF21652-D3AE-45CF-8C51-48C62D24448D}
		{F5095BBD-1827-4C89-A034-E1BB91D4B4F6} = {CAF21652-D3AE-45CF-8C51-48C62D24448D}
	EndGlobalSection
	GlobalSection(ExtensibilityGlobals) = postSolution
		SolutionGuid = {370B73D1-5391-4DA6-BA8B-F85A98D7F690}
	EndGlobalSection
EndGlobal
